// !$*UTF8*$!
{
	archiveVersion = 1;
	classes = {
	};
	objectVersion = 46;
	objects = {

/* Begin PBXBuildFile section */
		1CB1281A1D24FFB1001BBEBB /* UIImage+Extension.swift in Sources */ = {isa = PBXBuildFile; fileRef = 1CB128191D24FFB1001BBEBB /* UIImage+Extension.swift */; };
		1CB1281D1D251B1C001BBEBB /* CategorySellsViewController.swift in Sources */ = {isa = PBXBuildFile; fileRef = 1CB1281C1D251B1C001BBEBB /* CategorySellsViewController.swift */; };
		1CB1281F1D2521AA001BBEBB /* Social.framework in Frameworks */ = {isa = PBXBuildFile; fileRef = 1CB1281E1D2521AA001BBEBB /* Social.framework */; };
		1CB128211D261641001BBEBB /* HeaderImageButtonCell.swift in Sources */ = {isa = PBXBuildFile; fileRef = 1CB128201D261641001BBEBB /* HeaderImageButtonCell.swift */; };
		1CB128231D261C3D001BBEBB /* ImageProgressTitleCell.swift in Sources */ = {isa = PBXBuildFile; fileRef = 1CB128221D261C3D001BBEBB /* ImageProgressTitleCell.swift */; };
		660932CEE1DE1BFE75F7F3E9 /* Pods_CarouSell_demo.framework in Frameworks */ = {isa = PBXBuildFile; fileRef = 6209D7F579054D92824595F9 /* Pods_CarouSell_demo.framework */; };
		D36849241CBCDC0900BCB49C /* RegistrationWithEmailTableViewController.swift in Sources */ = {isa = PBXBuildFile; fileRef = D36849231CBCDC0900BCB49C /* RegistrationWithEmailTableViewController.swift */; };
		D3C591C21CB5FD25002D8FF5 /* AppDelegate.swift in Sources */ = {isa = PBXBuildFile; fileRef = D3C591C11CB5FD25002D8FF5 /* AppDelegate.swift */; };
		D3C591C41CB5FD25002D8FF5 /* ViewController.swift in Sources */ = {isa = PBXBuildFile; fileRef = D3C591C31CB5FD25002D8FF5 /* ViewController.swift */; };
		D3C591C71CB5FD25002D8FF5 /* Main.storyboard in Resources */ = {isa = PBXBuildFile; fileRef = D3C591C51CB5FD25002D8FF5 /* Main.storyboard */; };
		D3C591C91CB5FD25002D8FF5 /* Assets.xcassets in Resources */ = {isa = PBXBuildFile; fileRef = D3C591C81CB5FD25002D8FF5 /* Assets.xcassets */; };
		D3C591CC1CB5FD25002D8FF5 /* LaunchScreen.storyboard in Resources */ = {isa = PBXBuildFile; fileRef = D3C591CA1CB5FD25002D8FF5 /* LaunchScreen.storyboard */; };
		D3C591D41CB5FDAE002D8FF5 /* Registration.storyboard in Resources */ = {isa = PBXBuildFile; fileRef = D3C591D31CB5FDAE002D8FF5 /* Registration.storyboard */; };
		D3C591D61CB605B5002D8FF5 /* RegistrationViewController.swift in Sources */ = {isa = PBXBuildFile; fileRef = D3C591D51CB605B5002D8FF5 /* RegistrationViewController.swift */; };
		D3C591D91CB6070E002D8FF5 /* PageCollectionViewCell.swift in Sources */ = {isa = PBXBuildFile; fileRef = D3C591D71CB6070E002D8FF5 /* PageCollectionViewCell.swift */; };
		D3C591DA1CB6070E002D8FF5 /* PageCollectionViewCell.xib in Resources */ = {isa = PBXBuildFile; fileRef = D3C591D81CB6070E002D8FF5 /* PageCollectionViewCell.xib */; };
		D3C591DC1CB616CF002D8FF5 /* Constant.swift in Sources */ = {isa = PBXBuildFile; fileRef = D3C591DB1CB616CF002D8FF5 /* Constant.swift */; };
		D3EA51521CBDEA5400646000 /* SignInInputTableViewCell.swift in Sources */ = {isa = PBXBuildFile; fileRef = D3EA51501CBDEA5400646000 /* SignInInputTableViewCell.swift */; };
		D3EA51531CBDEA5400646000 /* SignInInputTableViewCell.xib in Resources */ = {isa = PBXBuildFile; fileRef = D3EA51511CBDEA5400646000 /* SignInInputTableViewCell.xib */; };
/* End PBXBuildFile section */

/* Begin PBXFileReference section */
		1CB128191D24FFB1001BBEBB /* UIImage+Extension.swift */ = {isa = PBXFileReference; fileEncoding = 4; lastKnownFileType = sourcecode.swift; path = "UIImage+Extension.swift"; sourceTree = "<group>"; };
		1CB1281C1D251B1C001BBEBB /* CategorySellsViewController.swift */ = {isa = PBXFileReference; fileEncoding = 4; lastKnownFileType = sourcecode.swift; path = CategorySellsViewController.swift; sourceTree = "<group>"; };
		1CB1281E1D2521AA001BBEBB /* Social.framework */ = {isa = PBXFileReference; lastKnownFileType = wrapper.framework; name = Social.framework; path = System/Library/Frameworks/Social.framework; sourceTree = SDKROOT; };
		1CB128201D261641001BBEBB /* HeaderImageButtonCell.swift */ = {isa = PBXFileReference; fileEncoding = 4; lastKnownFileType = sourcecode.swift; path = HeaderImageButtonCell.swift; sourceTree = "<group>"; };
		1CB128221D261C3D001BBEBB /* ImageProgressTitleCell.swift */ = {isa = PBXFileReference; fileEncoding = 4; lastKnownFileType = sourcecode.swift; path = ImageProgressTitleCell.swift; sourceTree = "<group>"; };
		6209D7F579054D92824595F9 /* Pods_CarouSell_demo.framework */ = {isa = PBXFileReference; explicitFileType = wrapper.framework; includeInIndex = 0; path = Pods_CarouSell_demo.framework; sourceTree = BUILT_PRODUCTS_DIR; };
		66489B48CEF5D2BF5C4C1BC7 /* Pods-CarouSell-demo.debug.xcconfig */ = {isa = PBXFileReference; includeInIndex = 1; lastKnownFileType = text.xcconfig; name = "Pods-CarouSell-demo.debug.xcconfig"; path = "Pods/Target Support Files/Pods-CarouSell-demo/Pods-CarouSell-demo.debug.xcconfig"; sourceTree = "<group>"; };
		D36849231CBCDC0900BCB49C /* RegistrationWithEmailTableViewController.swift */ = {isa = PBXFileReference; fileEncoding = 4; lastKnownFileType = sourcecode.swift; path = RegistrationWithEmailTableViewController.swift; sourceTree = "<group>"; };
		D3C591BE1CB5FD25002D8FF5 /* CarouSell-demo.app */ = {isa = PBXFileReference; explicitFileType = wrapper.application; includeInIndex = 0; path = "CarouSell-demo.app"; sourceTree = BUILT_PRODUCTS_DIR; };
		D3C591C11CB5FD25002D8FF5 /* AppDelegate.swift */ = {isa = PBXFileReference; lastKnownFileType = sourcecode.swift; path = AppDelegate.swift; sourceTree = "<group>"; };
		D3C591C31CB5FD25002D8FF5 /* ViewController.swift */ = {isa = PBXFileReference; lastKnownFileType = sourcecode.swift; path = ViewController.swift; sourceTree = "<group>"; };
		D3C591C61CB5FD25002D8FF5 /* Base */ = {isa = PBXFileReference; lastKnownFileType = file.storyboard; name = Base; path = Base.lproj/Main.storyboard; sourceTree = "<group>"; };
		D3C591C81CB5FD25002D8FF5 /* Assets.xcassets */ = {isa = PBXFileReference; lastKnownFileType = folder.assetcatalog; path = Assets.xcassets; sourceTree = "<group>"; };
		D3C591CB1CB5FD25002D8FF5 /* Base */ = {isa = PBXFileReference; lastKnownFileType = file.storyboard; name = Base; path = Base.lproj/LaunchScreen.storyboard; sourceTree = "<group>"; };
		D3C591CD1CB5FD25002D8FF5 /* Info.plist */ = {isa = PBXFileReference; lastKnownFileType = text.plist.xml; path = Info.plist; sourceTree = "<group>"; };
		D3C591D31CB5FDAE002D8FF5 /* Registration.storyboard */ = {isa = PBXFileReference; fileEncoding = 4; lastKnownFileType = file.storyboard; path = Registration.storyboard; sourceTree = "<group>"; };
		D3C591D51CB605B5002D8FF5 /* RegistrationViewController.swift */ = {isa = PBXFileReference; fileEncoding = 4; lastKnownFileType = sourcecode.swift; path = RegistrationViewController.swift; sourceTree = "<group>"; };
		D3C591D71CB6070E002D8FF5 /* PageCollectionViewCell.swift */ = {isa = PBXFileReference; fileEncoding = 4; lastKnownFileType = sourcecode.swift; path = PageCollectionViewCell.swift; sourceTree = "<group>"; };
		D3C591D81CB6070E002D8FF5 /* PageCollectionViewCell.xib */ = {isa = PBXFileReference; fileEncoding = 4; lastKnownFileType = file.xib; path = PageCollectionViewCell.xib; sourceTree = "<group>"; };
		D3C591DB1CB616CF002D8FF5 /* Constant.swift */ = {isa = PBXFileReference; fileEncoding = 4; lastKnownFileType = sourcecode.swift; path = Constant.swift; sourceTree = "<group>"; };
		D3EA51501CBDEA5400646000 /* SignInInputTableViewCell.swift */ = {isa = PBXFileReference; fileEncoding = 4; lastKnownFileType = sourcecode.swift; path = SignInInputTableViewCell.swift; sourceTree = "<group>"; };
		D3EA51511CBDEA5400646000 /* SignInInputTableViewCell.xib */ = {isa = PBXFileReference; fileEncoding = 4; lastKnownFileType = file.xib; path = SignInInputTableViewCell.xib; sourceTree = "<group>"; };
		FBD8CB349E36CC48C733302B /* Pods-CarouSell-demo.release.xcconfig */ = {isa = PBXFileReference; includeInIndex = 1; lastKnownFileType = text.xcconfig; name = "Pods-CarouSell-demo.release.xcconfig"; path = "Pods/Target Support Files/Pods-CarouSell-demo/Pods-CarouSell-demo.release.xcconfig"; sourceTree = "<group>"; };
/* End PBXFileReference section */

/* Begin PBXFrameworksBuildPhase section */
		D3C591BB1CB5FD25002D8FF5 /* Frameworks */ = {
			isa = PBXFrameworksBuildPhase;
			buildActionMask = 2147483647;
			files = (
				1CB1281F1D2521AA001BBEBB /* Social.framework in Frameworks */,
				660932CEE1DE1BFE75F7F3E9 /* Pods_CarouSell_demo.framework in Frameworks */,
			);
			runOnlyForDeploymentPostprocessing = 0;
		};
/* End PBXFrameworksBuildPhase section */

/* Begin PBXGroup section */
		1C9B38BE1D211F5F0099200A /* ViewControllers */ = {
			isa = PBXGroup;
			children = (
				D3C591C31CB5FD25002D8FF5 /* ViewController.swift */,
				1CB1281C1D251B1C001BBEBB /* CategorySellsViewController.swift */,
				D3C591D51CB605B5002D8FF5 /* RegistrationViewController.swift */,
				D36849231CBCDC0900BCB49C /* RegistrationWithEmailTableViewController.swift */,
			);
			name = ViewControllers;
			sourceTree = "<group>";
		};
		1C9B38BF1D211F930099200A /* Views */ = {
			isa = PBXGroup;
			children = (
				D3C591D71CB6070E002D8FF5 /* PageCollectionViewCell.swift */,
				D3C591D81CB6070E002D8FF5 /* PageCollectionViewCell.xib */,
				D3EA51501CBDEA5400646000 /* SignInInputTableViewCell.swift */,
				D3EA51511CBDEA5400646000 /* SignInInputTableViewCell.xib */,
				1CB128201D261641001BBEBB /* HeaderImageButtonCell.swift */,
				1CB128221D261C3D001BBEBB /* ImageProgressTitleCell.swift */,
			);
			name = Views;
			sourceTree = "<group>";
		};
		1CB1281B1D24FFB4001BBEBB /* Extension */ = {
			isa = PBXGroup;
			children = (
				1CB128191D24FFB1001BBEBB /* UIImage+Extension.swift */,
			);
			name = Extension;
			sourceTree = "<group>";
		};
		9628DE0FA92E9ADDA82F87F7 /* Pods */ = {
			isa = PBXGroup;
			children = (
				66489B48CEF5D2BF5C4C1BC7 /* Pods-CarouSell-demo.debug.xcconfig */,
				FBD8CB349E36CC48C733302B /* Pods-CarouSell-demo.release.xcconfig */,
			);
			name = Pods;
			sourceTree = "<group>";
		};
		D3C591B51CB5FD25002D8FF5 = {
			isa = PBXGroup;
			children = (
				D3C591C01CB5FD25002D8FF5 /* CarouSell-demo */,
				D3C591BF1CB5FD25002D8FF5 /* Products */,
				EA5CCF1E93EB84A274C5FBEF /* Frameworks */,
				9628DE0FA92E9ADDA82F87F7 /* Pods */,
			);
			sourceTree = "<group>";
		};
		D3C591BF1CB5FD25002D8FF5 /* Products */ = {
			isa = PBXGroup;
			children = (
				D3C591BE1CB5FD25002D8FF5 /* CarouSell-demo.app */,
			);
			name = Products;
			sourceTree = "<group>";
		};
		D3C591C01CB5FD25002D8FF5 /* CarouSell-demo */ = {
			isa = PBXGroup;
			children = (
				1C9B38BF1D211F930099200A /* Views */,
				1C9B38BE1D211F5F0099200A /* ViewControllers */,
				1CB1281B1D24FFB4001BBEBB /* Extension */,
				D3C591C11CB5FD25002D8FF5 /* AppDelegate.swift */,
				D3C591DB1CB616CF002D8FF5 /* Constant.swift */,
				D3C591C51CB5FD25002D8FF5 /* Main.storyboard */,
				D3C591D31CB5FDAE002D8FF5 /* Registration.storyboard */,
				D3C591C81CB5FD25002D8FF5 /* Assets.xcassets */,
				D3C591CA1CB5FD25002D8FF5 /* LaunchScreen.storyboard */,
				D3C591CD1CB5FD25002D8FF5 /* Info.plist */,
			);
			path = "CarouSell-demo";
			sourceTree = "<group>";
		};
		EA5CCF1E93EB84A274C5FBEF /* Frameworks */ = {
			isa = PBXGroup;
			children = (
				1CB1281E1D2521AA001BBEBB /* Social.framework */,
				6209D7F579054D92824595F9 /* Pods_CarouSell_demo.framework */,
			);
			name = Frameworks;
			sourceTree = "<group>";
		};
/* End PBXGroup section */

/* Begin PBXNativeTarget section */
		D3C591BD1CB5FD25002D8FF5 /* CarouSell-demo */ = {
			isa = PBXNativeTarget;
			buildConfigurationList = D3C591D01CB5FD25002D8FF5 /* Build configuration list for PBXNativeTarget "CarouSell-demo" */;
			buildPhases = (
				24E2A8D783014ED1BA87F53C /* [CP] Check Pods Manifest.lock */,
				D3C591BA1CB5FD25002D8FF5 /* Sources */,
				D3C591BB1CB5FD25002D8FF5 /* Frameworks */,
				D3C591BC1CB5FD25002D8FF5 /* Resources */,
				5CC449478013D13220BB943F /* [CP] Embed Pods Frameworks */,
				A5FF47644C5C3BB3B0BF8FEF /* [CP] Copy Pods Resources */,
			);
			buildRules = (
			);
			dependencies = (
			);
			name = "CarouSell-demo";
			productName = "CarouSell-demo";
			productReference = D3C591BE1CB5FD25002D8FF5 /* CarouSell-demo.app */;
			productType = "com.apple.product-type.application";
		};
/* End PBXNativeTarget section */

/* Begin PBXProject section */
		D3C591B61CB5FD25002D8FF5 /* Project object */ = {
			isa = PBXProject;
			attributes = {
				LastSwiftUpdateCheck = 0730;
				LastUpgradeCheck = 0730;
				ORGANIZATIONNAME = "Brian Hu";
				TargetAttributes = {
					D3C591BD1CB5FD25002D8FF5 = {
						CreatedOnToolsVersion = 7.3;
					};
				};
			};
			buildConfigurationList = D3C591B91CB5FD25002D8FF5 /* Build configuration list for PBXProject "CarouSell-demo" */;
			compatibilityVersion = "Xcode 3.2";
			developmentRegion = English;
			hasScannedForEncodings = 0;
			knownRegions = (
				en,
				Base,
			);
			mainGroup = D3C591B51CB5FD25002D8FF5;
			productRefGroup = D3C591BF1CB5FD25002D8FF5 /* Products */;
			projectDirPath = "";
			projectRoot = "";
			targets = (
				D3C591BD1CB5FD25002D8FF5 /* CarouSell-demo */,
			);
		};
/* End PBXProject section */

/* Begin PBXResourcesBuildPhase section */
		D3C591BC1CB5FD25002D8FF5 /* Resources */ = {
			isa = PBXResourcesBuildPhase;
			buildActionMask = 2147483647;
			files = (
				D3C591DA1CB6070E002D8FF5 /* PageCollectionViewCell.xib in Resources */,
				D3C591CC1CB5FD25002D8FF5 /* LaunchScreen.storyboard in Resources */,
				D3C591D41CB5FDAE002D8FF5 /* Registration.storyboard in Resources */,
				D3C591C91CB5FD25002D8FF5 /* Assets.xcassets in Resources */,
				D3EA51531CBDEA5400646000 /* SignInInputTableViewCell.xib in Resources */,
				D3C591C71CB5FD25002D8FF5 /* Main.storyboard in Resources */,
			);
			runOnlyForDeploymentPostprocessing = 0;
		};
/* End PBXResourcesBuildPhase section */

/* Begin PBXShellScriptBuildPhase section */
		24E2A8D783014ED1BA87F53C /* [CP] Check Pods Manifest.lock */ = {
			isa = PBXShellScriptBuildPhase;
			buildActionMask = 2147483647;
			files = (
			);
			inputPaths = (
			);
			name = "[CP] Check Pods Manifest.lock";
			outputPaths = (
			);
			runOnlyForDeploymentPostprocessing = 0;
			shellPath = /bin/sh;
			shellScript = "diff \"${PODS_ROOT}/../Podfile.lock\" \"${PODS_ROOT}/Manifest.lock\" > /dev/null\nif [[ $? != 0 ]] ; then\n    cat << EOM\nerror: The sandbox is not in sync with the Podfile.lock. Run 'pod install' or update your CocoaPods installation.\nEOM\n    exit 1\nfi\n";
			showEnvVarsInLog = 0;
		};
		5CC449478013D13220BB943F /* [CP] Embed Pods Frameworks */ = {
			isa = PBXShellScriptBuildPhase;
			buildActionMask = 2147483647;
			files = (
			);
			inputPaths = (
			);
			name = "[CP] Embed Pods Frameworks";
			outputPaths = (
			);
			runOnlyForDeploymentPostprocessing = 0;
			shellPath = /bin/sh;
			shellScript = "\"${SRCROOT}/Pods/Target Support Files/Pods-CarouSell-demo/Pods-CarouSell-demo-frameworks.sh\"\n";
			showEnvVarsInLog = 0;
		};
		A5FF47644C5C3BB3B0BF8FEF /* [CP] Copy Pods Resources */ = {
			isa = PBXShellScriptBuildPhase;
			buildActionMask = 2147483647;
			files = (
			);
			inputPaths = (
			);
			name = "[CP] Copy Pods Resources";
			outputPaths = (
			);
			runOnlyForDeploymentPostprocessing = 0;
			shellPath = /bin/sh;
			shellScript = "\"${SRCROOT}/Pods/Target Support Files/Pods-CarouSell-demo/Pods-CarouSell-demo-resources.sh\"\n";
			showEnvVarsInLog = 0;
		};
/* End PBXShellScriptBuildPhase section */

/* Begin PBXSourcesBuildPhase section */
		D3C591BA1CB5FD25002D8FF5 /* Sources */ = {
			isa = PBXSourcesBuildPhase;
			buildActionMask = 2147483647;
			files = (
				D3C591D61CB605B5002D8FF5 /* RegistrationViewController.swift in Sources */,
				1CB128231D261C3D001BBEBB /* ImageProgressTitleCell.swift in Sources */,
				1CB1281D1D251B1C001BBEBB /* CategorySellsViewController.swift in Sources */,
				D3C591C41CB5FD25002D8FF5 /* ViewController.swift in Sources */,
				D3C591DC1CB616CF002D8FF5 /* Constant.swift in Sources */,
				1CB128211D261641001BBEBB /* HeaderImageButtonCell.swift in Sources */,
				1CB1281A1D24FFB1001BBEBB /* UIImage+Extension.swift in Sources */,
				D36849241CBCDC0900BCB49C /* RegistrationWithEmailTableViewController.swift in Sources */,
				D3C591C21CB5FD25002D8FF5 /* AppDelegate.swift in Sources */,
				D3EA51521CBDEA5400646000 /* SignInInputTableViewCell.swift in Sources */,
				D3C591D91CB6070E002D8FF5 /* PageCollectionViewCell.swift in Sources */,
			);
			runOnlyForDeploymentPostprocessing = 0;
		};
/* End PBXSourcesBuildPhase section */

/* Begin PBXVariantGroup section */
		D3C591C51CB5FD25002D8FF5 /* Main.storyboard */ = {
			isa = PBXVariantGroup;
			children = (
				D3C591C61CB5FD25002D8FF5 /* Base */,
			);
			name = Main.storyboard;
			sourceTree = "<group>";
		};
		D3C591CA1CB5FD25002D8FF5 /* LaunchScreen.storyboard */ = {
			isa = PBXVariantGroup;
			children = (
				D3C591CB1CB5FD25002D8FF5 /* Base */,
			);
			name = LaunchScreen.storyboard;
			sourceTree = "<group>";
		};
/* End PBXVariantGroup section */

/* Begin XCBuildConfiguration section */
		D3C591CE1CB5FD25002D8FF5 /* Debug */ = {
			isa = XCBuildConfiguration;
			buildSettings = {
				ALWAYS_SEARCH_USER_PATHS = NO;
				CLANG_ANALYZER_NONNULL = YES;
				CLANG_CXX_LANGUAGE_STANDARD = "gnu++0x";
				CLANG_CXX_LIBRARY = "libc++";
				CLANG_ENABLE_MODULES = YES;
				CLANG_ENABLE_OBJC_ARC = YES;
				CLANG_WARN_BOOL_CONVERSION = YES;
				CLANG_WARN_CONSTANT_CONVERSION = YES;
				CLANG_WARN_DIRECT_OBJC_ISA_USAGE = YES_ERROR;
				CLANG_WARN_EMPTY_BODY = YES;
				CLANG_WARN_ENUM_CONVERSION = YES;
				CLANG_WARN_INT_CONVERSION = YES;
				CLANG_WARN_OBJC_ROOT_CLASS = YES_ERROR;
				CLANG_WARN_UNREACHABLE_CODE = YES;
				CLANG_WARN__DUPLICATE_METHOD_MATCH = YES;
				"CODE_SIGN_IDENTITY[sdk=iphoneos*]" = "iPhone Developer";
				COPY_PHASE_STRIP = NO;
				DEBUG_INFORMATION_FORMAT = dwarf;
				ENABLE_STRICT_OBJC_MSGSEND = YES;
				ENABLE_TESTABILITY = YES;
				GCC_C_LANGUAGE_STANDARD = gnu99;
				GCC_DYNAMIC_NO_PIC = NO;
				GCC_NO_COMMON_BLOCKS = YES;
				GCC_OPTIMIZATION_LEVEL = 0;
				GCC_PREPROCESSOR_DEFINITIONS = (
					"DEBUG=1",
					"$(inherited)",
				);
				GCC_WARN_64_TO_32_BIT_CONVERSION = YES;
				GCC_WARN_ABOUT_RETURN_TYPE = YES_ERROR;
				GCC_WARN_UNDECLARED_SELECTOR = YES;
				GCC_WARN_UNINITIALIZED_AUTOS = YES_AGGRESSIVE;
				GCC_WARN_UNUSED_FUNCTION = YES;
				GCC_WARN_UNUSED_VARIABLE = YES;
				HEADER_SEARCH_PATHS = "";
				IPHONEOS_DEPLOYMENT_TARGET = 9.3;
				MTL_ENABLE_DEBUG_INFO = YES;
				ONLY_ACTIVE_ARCH = YES;
				SDKROOT = iphoneos;
				SWIFT_OPTIMIZATION_LEVEL = "-Onone";
				TARGETED_DEVICE_FAMILY = "1,2";
			};
			name = Debug;
		};
		D3C591CF1CB5FD25002D8FF5 /* Release */ = {
			isa = XCBuildConfiguration;
			buildSettings = {
				ALWAYS_SEARCH_USER_PATHS = NO;
				CLANG_ANALYZER_NONNULL = YES;
				CLANG_CXX_LANGUAGE_STANDARD = "gnu++0x";
				CLANG_CXX_LIBRARY = "libc++";
				CLANG_ENABLE_MODULES = YES;
				CLANG_ENABLE_OBJC_ARC = YES;
				CLANG_WARN_BOOL_CONVERSION = YES;
				CLANG_WARN_CONSTANT_CONVERSION = YES;
				CLANG_WARN_DIRECT_OBJC_ISA_USAGE = YES_ERROR;
				CLANG_WARN_EMPTY_BODY = YES;
				CLANG_WARN_ENUM_CONVERSION = YES;
				CLANG_WARN_INT_CONVERSION = YES;
				CLANG_WARN_OBJC_ROOT_CLASS = YES_ERROR;
				CLANG_WARN_UNREACHABLE_CODE = YES;
				CLANG_WARN__DUPLICATE_METHOD_MATCH = YES;
				"CODE_SIGN_IDENTITY[sdk=iphoneos*]" = "iPhone Developer";
				COPY_PHASE_STRIP = NO;
				DEBUG_INFORMATION_FORMAT = "dwarf-with-dsym";
				ENABLE_NS_ASSERTIONS = NO;
				ENABLE_STRICT_OBJC_MSGSEND = YES;
				GCC_C_LANGUAGE_STANDARD = gnu99;
				GCC_NO_COMMON_BLOCKS = YES;
				GCC_WARN_64_TO_32_BIT_CONVERSION = YES;
				GCC_WARN_ABOUT_RETURN_TYPE = YES_ERROR;
				GCC_WARN_UNDECLARED_SELECTOR = YES;
				GCC_WARN_UNINITIALIZED_AUTOS = YES_AGGRESSIVE;
				GCC_WARN_UNUSED_FUNCTION = YES;
				GCC_WARN_UNUSED_VARIABLE = YES;
				HEADER_SEARCH_PATHS = "";
				IPHONEOS_DEPLOYMENT_TARGET = 9.3;
				MTL_ENABLE_DEBUG_INFO = NO;
				SDKROOT = iphoneos;
				TARGETED_DEVICE_FAMILY = "1,2";
				VALIDATE_PRODUCT = YES;
			};
			name = Release;
		};
		D3C591D11CB5FD25002D8FF5 /* Debug */ = {
			isa = XCBuildConfiguration;
			baseConfigurationReference = 66489B48CEF5D2BF5C4C1BC7 /* Pods-CarouSell-demo.debug.xcconfig */;
			buildSettings = {
				ASSETCATALOG_COMPILER_APPICON_NAME = AppIcon;
				INFOPLIST_FILE = "CarouSell-demo/Info.plist";
				LD_RUNPATH_SEARCH_PATHS = "$(inherited) @executable_path/Frameworks";
				PRODUCT_BUNDLE_IDENTIFIER = tw.soleil.tw.carouselledward;
				PRODUCT_NAME = "$(TARGET_NAME)";
			};
			name = Debug;
		};
		D3C591D21CB5FD25002D8FF5 /* Release */ = {
			isa = XCBuildConfiguration;
			baseConfigurationReference = FBD8CB349E36CC48C733302B /* Pods-CarouSell-demo.release.xcconfig */;
			buildSettings = {
				ASSETCATALOG_COMPILER_APPICON_NAME = AppIcon;
				INFOPLIST_FILE = "CarouSell-demo/Info.plist";
				LD_RUNPATH_SEARCH_PATHS = "$(inherited) @executable_path/Frameworks";
				PRODUCT_BUNDLE_IDENTIFIER = tw.soleil.tw.carouselledward;
				PRODUCT_NAME = "$(TARGET_NAME)";
			};
			name = Release;
		};
/* End XCBuildConfiguration section */

/* Begin XCConfigurationList section */
		D3C591B91CB5FD25002D8FF5 /* Build configuration list for PBXProject "CarouSell-demo" */ = {
			isa = XCConfigurationList;
			buildConfigurations = (
				D3C591CE1CB5FD25002D8FF5 /* Debug */,
				D3C591CF1CB5FD25002D8FF5 /* Release */,
			);
			defaultConfigurationIsVisible = 0;
			defaultConfigurationName = Release;
		};
		D3C591D01CB5FD25002D8FF5 /* Build configuration list for PBXNativeTarget "CarouSell-demo" */ = {
			isa = XCConfigurationList;
			buildConfigurations = (
				D3C591D11CB5FD25002D8FF5 /* Debug */,
				D3C591D21CB5FD25002D8FF5 /* Release */,
			);
			defaultConfigurationIsVisible = 0;
			defaultConfigurationName = Release;
		};
/* End XCConfigurationList section */
	};
	rootObject = D3C591B61CB5FD25002D8FF5 /* Project object */;
}
